// !$*UTF8*$!
{
	archiveVersion = 1;
	classes = {
	};
	objectVersion = 56;
	objects = {

/* Begin PBXBuildFile section */
		03A4EEBE2CFB00B2005C24F0 /* CharactersTableViewCell.swift in Sources */ = {isa = PBXBuildFile; fileRef = 03A4EEBD2CFB00B2005C24F0 /* CharactersTableViewCell.swift */; };
		03A4EEC02CFB2012005C24F0 /* DetailsViewController.swift in Sources */ = {isa = PBXBuildFile; fileRef = 03A4EEBF2CFB2012005C24F0 /* DetailsViewController.swift */; };
		03D875CF2CF9596C00609A9A /* AppDelegate.swift in Sources */ = {isa = PBXBuildFile; fileRef = 03D875CE2CF9596C00609A9A /* AppDelegate.swift */; };
		03D875D12CF9596C00609A9A /* SceneDelegate.swift in Sources */ = {isa = PBXBuildFile; fileRef = 03D875D02CF9596C00609A9A /* SceneDelegate.swift */; };
		03D875D32CF9596C00609A9A /* ViewController.swift in Sources */ = {isa = PBXBuildFile; fileRef = 03D875D22CF9596C00609A9A /* ViewController.swift */; };
		03D875D62CF9596C00609A9A /* Main.storyboard in Resources */ = {isa = PBXBuildFile; fileRef = 03D875D42CF9596C00609A9A /* Main.storyboard */; };
		03D875D92CF9596C00609A9A /* HarryPotterWIKI.xcdatamodeld in Sources */ = {isa = PBXBuildFile; fileRef = 03D875D72CF9596C00609A9A /* HarryPotterWIKI.xcdatamodeld */; };
		03D875DB2CF9596E00609A9A /* Assets.xcassets in Resources */ = {isa = PBXBuildFile; fileRef = 03D875DA2CF9596E00609A9A /* Assets.xcassets */; };
		03D875DE2CF9596E00609A9A /* LaunchScreen.storyboard in Resources */ = {isa = PBXBuildFile; fileRef = 03D875DC2CF9596E00609A9A /* LaunchScreen.storyboard */; };
/* End PBXBuildFile section */

/* Begin PBXFileReference section */
		03A4EEBD2CFB00B2005C24F0 /* CharactersTableViewCell.swift */ = {isa = PBXFileReference; lastKnownFileType = sourcecode.swift; path = CharactersTableViewCell.swift; sourceTree = "<group>"; };
		03A4EEBF2CFB2012005C24F0 /* DetailsViewController.swift */ = {isa = PBXFileReference; lastKnownFileType = sourcecode.swift; path = DetailsViewController.swift; sourceTree = "<group>"; };
		03D875CB2CF9596C00609A9A /* HarryPotterWIKI.app */ = {isa = PBXFileReference; explicitFileType = wrapper.application; includeInIndex = 0; path = HarryPotterWIKI.app; sourceTree = BUILT_PRODUCTS_DIR; };
		03D875CE2CF9596C00609A9A /* AppDelegate.swift */ = {isa = PBXFileReference; lastKnownFileType = sourcecode.swift; path = AppDelegate.swift; sourceTree = "<group>"; };
		03D875D02CF9596C00609A9A /* SceneDelegate.swift */ = {isa = PBXFileReference; lastKnownFileType = sourcecode.swift; path = SceneDelegate.swift; sourceTree = "<group>"; };
		03D875D22CF9596C00609A9A /* ViewController.swift */ = {isa = PBXFileReference; lastKnownFileType = sourcecode.swift; path = ViewController.swift; sourceTree = "<group>"; };
		03D875D52CF9596C00609A9A /* Base */ = {isa = PBXFileReference; lastKnownFileType = file.storyboard; name = Base; path = Base.lproj/Main.storyboard; sourceTree = "<group>"; };
		03D875D82CF9596C00609A9A /* HarryPotterWIKI.xcdatamodel */ = {isa = PBXFileReference; lastKnownFileType = wrapper.xcdatamodel; path = HarryPotterWIKI.xcdatamodel; sourceTree = "<group>"; };
		03D875DA2CF9596E00609A9A /* Assets.xcassets */ = {isa = PBXFileReference; lastKnownFileType = folder.assetcatalog; path = Assets.xcassets; sourceTree = "<group>"; };
		03D875DD2CF9596E00609A9A /* Base */ = {isa = PBXFileReference; lastKnownFileType = file.storyboard; name = Base; path = Base.lproj/LaunchScreen.storyboard; sourceTree = "<group>"; };
		03D875DF2CF9596E00609A9A /* Info.plist */ = {isa = PBXFileReference; lastKnownFileType = text.plist.xml; path = Info.plist; sourceTree = "<group>"; };
/* End PBXFileReference section */

/* Begin PBXFrameworksBuildPhase section */
		03D875C82CF9596C00609A9A /* Frameworks */ = {
			isa = PBXFrameworksBuildPhase;
			buildActionMask = 2147483647;
			files = (
			);
			runOnlyForDeploymentPostprocessing = 0;
		};
/* End PBXFrameworksBuildPhase section */

/* Begin PBXGroup section */
		03D875C22CF9596C00609A9A = {
			isa = PBXGroup;
			children = (
				03D875CD2CF9596C00609A9A /* HarryPotterWIKI */,
				03D875CC2CF9596C00609A9A /* Products */,
			);
			sourceTree = "<group>";
		};
		03D875CC2CF9596C00609A9A /* Products */ = {
			isa = PBXGroup;
			children = (
				03D875CB2CF9596C00609A9A /* HarryPotterWIKI.app */,
			);
			name = Products;
			sourceTree = "<group>";
		};
		03D875CD2CF9596C00609A9A /* HarryPotterWIKI */ = {
			isa = PBXGroup;
			children = (
				03D875CE2CF9596C00609A9A /* AppDelegate.swift */,
				03D875D02CF9596C00609A9A /* SceneDelegate.swift */,
				03D875D22CF9596C00609A9A /* ViewController.swift */,
				03A4EEBD2CFB00B2005C24F0 /* CharactersTableViewCell.swift */,
				03A4EEBF2CFB2012005C24F0 /* DetailsViewController.swift */,
				03D875D42CF9596C00609A9A /* Main.storyboard */,
				03D875DA2CF9596E00609A9A /* Assets.xcassets */,
				03D875DC2CF9596E00609A9A /* LaunchScreen.storyboard */,
				03D875DF2CF9596E00609A9A /* Info.plist */,
				03D875D72CF9596C00609A9A /* HarryPotterWIKI.xcdatamodeld */,
			);
			path = HarryPotterWIKI;
			sourceTree = "<group>";
		};
/* End PBXGroup section */

/* Begin PBXNativeTarget section */
		03D875CA2CF9596C00609A9A /* HarryPotterWIKI */ = {
			isa = PBXNativeTarget;
			buildConfigurationList = 03D875E22CF9596E00609A9A /* Build configuration list for PBXNativeTarget "HarryPotterWIKI" */;
			buildPhases = (
				03D875C72CF9596C00609A9A /* Sources */,
				03D875C82CF9596C00609A9A /* Frameworks */,
				03D875C92CF9596C00609A9A /* Resources */,
			);
			buildRules = (
			);
			dependencies = (
			);
			name = HarryPotterWIKI;
			productName = HarryPotterWIKI;
			productReference = 03D875CB2CF9596C00609A9A /* HarryPotterWIKI.app */;
			productType = "com.apple.product-type.application";
		};
/* End PBXNativeTarget section */

/* Begin PBXProject section */
		03D875C32CF9596C00609A9A /* Project object */ = {
			isa = PBXProject;
			attributes = {
				BuildIndependentTargetsInParallel = 1;
				LastSwiftUpdateCheck = 1420;
				LastUpgradeCheck = 1420;
				TargetAttributes = {
					03D875CA2CF9596C00609A9A = {
						CreatedOnToolsVersion = 14.2;
					};
				};
			};
			buildConfigurationList = 03D875C62CF9596C00609A9A /* Build configuration list for PBXProject "HarryPotterWIKI" */;
			compatibilityVersion = "Xcode 14.0";
			developmentRegion = en;
			hasScannedForEncodings = 0;
			knownRegions = (
				en,
				Base,
			);
			mainGroup = 03D875C22CF9596C00609A9A;
			productRefGroup = 03D875CC2CF9596C00609A9A /* Products */;
			projectDirPath = "";
			projectRoot = "";
			targets = (
				03D875CA2CF9596C00609A9A /* HarryPotterWIKI */,
			);
		};
/* End PBXProject section */

/* Begin PBXResourcesBuildPhase section */
		03D875C92CF9596C00609A9A /* Resources */ = {
			isa = PBXResourcesBuildPhase;
			buildActionMask = 2147483647;
			files = (
				03D875DE2CF9596E00609A9A /* LaunchScreen.storyboard in Resources */,
				03D875DB2CF9596E00609A9A /* Assets.xcassets in Resources */,
				03D875D62CF9596C00609A9A /* Main.storyboard in Resources */,
			);
			runOnlyForDeploymentPostprocessing = 0;
		};
/* End PBXResourcesBuildPhase section */

/* Begin PBXSourcesBuildPhase section */
		03D875C72CF9596C00609A9A /* Sources */ = {
			isa = PBXSourcesBuildPhase;
			buildActionMask = 2147483647;
			files = (
				03D875D92CF9596C00609A9A /* HarryPotterWIKI.xcdatamodeld in Sources */,
				03D875D32CF9596C00609A9A /* ViewController.swift in Sources */,
				03D875CF2CF9596C00609A9A /* AppDelegate.swift in Sources */,
				03A4EEBE2CFB00B2005C24F0 /* CharactersTableViewCell.swift in Sources */,
				03D875D12CF9596C00609A9A /* SceneDelegate.swift in Sources */,
				03A4EEC02CFB2012005C24F0 /* DetailsViewController.swift in Sources */,
			);
			runOnlyForDeploymentPostprocessing = 0;
		};
/* End PBXSourcesBuildPhase section */

/* Begin PBXVariantGroup section */
		03D875D42CF9596C00609A9A /* Main.storyboard */ = {
			isa = PBXVariantGroup;
			children = (
				03D875D52CF9596C00609A9A /* Base */,
			);
			name = Main.storyboard;
			sourceTree = "<group>";
		};
		03D875DC2CF9596E00609A9A /* LaunchScreen.storyboard */ = {
			isa = PBXVariantGroup;
			children = (
				03D875DD2CF9596E00609A9A /* Base */,
			);
			name = LaunchScreen.storyboard;
			sourceTree = "<group>";
		};
/* End PBXVariantGroup section */

/* Begin XCBuildConfiguration section */
		03D875E02CF9596E00609A9A /* Debug */ = {
			isa = XCBuildConfiguration;
			buildSettings = {
				ALWAYS_SEARCH_USER_PATHS = NO;
				CLANG_ANALYZER_NONNULL = YES;
				CLANG_ANALYZER_NUMBER_OBJECT_CONVERSION = YES_AGGRESSIVE;
				CLANG_CXX_LANGUAGE_STANDARD = "gnu++20";
				CLANG_ENABLE_MODULES = YES;
				CLANG_ENABLE_OBJC_ARC = YES;
				CLANG_ENABLE_OBJC_WEAK = YES;
				CLANG_WARN_BLOCK_CAPTURE_AUTORELEASING = YES;
				CLANG_WARN_BOOL_CONVERSION = YES;
				CLANG_WARN_COMMA = YES;
				CLANG_WARN_CONSTANT_CONVERSION = YES;
				CLANG_WARN_DEPRECATED_OBJC_IMPLEMENTATIONS = YES;
				CLANG_WARN_DIRECT_OBJC_ISA_USAGE = YES_ERROR;
				CLANG_WARN_DOCUMENTATION_COMMENTS = YES;
				CLANG_WARN_EMPTY_BODY = YES;
				CLANG_WARN_ENUM_CONVERSION = YES;
				CLANG_WARN_INFINITE_RECURSION = YES;
				CLANG_WARN_INT_CONVERSION = YES;
				CLANG_WARN_NON_LITERAL_NULL_CONVERSION = YES;
				CLANG_WARN_OBJC_IMPLICIT_RETAIN_SELF = YES;
				CLANG_WARN_OBJC_LITERAL_CONVERSION = YES;
				CLANG_WARN_OBJC_ROOT_CLASS = YES_ERROR;
				CLANG_WARN_QUOTED_INCLUDE_IN_FRAMEWORK_HEADER = YES;
				CLANG_WARN_RANGE_LOOP_ANALYSIS = YES;
				CLANG_WARN_STRICT_PROTOTYPES = YES;
				CLANG_WARN_SUSPICIOUS_MOVE = YES;
				CLANG_WARN_UNGUARDED_AVAILABILITY = YES_AGGRESSIVE;
				CLANG_WARN_UNREACHABLE_CODE = YES;
				CLANG_WARN__DUPLICATE_METHOD_MATCH = YES;
				COPY_PHASE_STRIP = NO;
				DEBUG_INFORMATION_FORMAT = dwarf;
				ENABLE_STRICT_OBJC_MSGSEND = YES;
				ENABLE_TESTABILITY = YES;
				GCC_C_LANGUAGE_STANDARD = gnu11;
				GCC_DYNAMIC_NO_PIC = NO;
				GCC_NO_COMMON_BLOCKS = YES;
				GCC_OPTIMIZATION_LEVEL = 0;
				GCC_PREPROCESSOR_DEFINITIONS = (
					"DEBUG=1",
					"$(inherited)",
				);
				GCC_WARN_64_TO_32_BIT_CONVERSION = YES;
				GCC_WARN_ABOUT_RETURN_TYPE = YES_ERROR;
				GCC_WARN_UNDECLARED_SELECTOR = YES;
				GCC_WARN_UNINITIALIZED_AUTOS = YES_AGGRESSIVE;
				GCC_WARN_UNUSED_FUNCTION = YES;
				GCC_WARN_UNUSED_VARIABLE = YES;
				IPHONEOS_DEPLOYMENT_TARGET = 16.2;
				MTL_ENABLE_DEBUG_INFO = INCLUDE_SOURCE;
				MTL_FAST_MATH = YES;
				ONLY_ACTIVE_ARCH = YES;
				SDKROOT = iphoneos;
				SWIFT_ACTIVE_COMPILATION_CONDITIONS = DEBUG;
				SWIFT_OPTIMIZATION_LEVEL = "-Onone";
			};
			name = Debug;
		};
		03D875E12CF9596E00609A9A /* Release */ = {
			isa = XCBuildConfiguration;
			buildSettings = {
				ALWAYS_SEARCH_USER_PATHS = NO;
				CLANG_ANALYZER_NONNULL = YES;
				CLANG_ANALYZER_NUMBER_OBJECT_CONVERSION = YES_AGGRESSIVE;
				CLANG_CXX_LANGUAGE_STANDARD = "gnu++20";
				CLANG_ENABLE_MODULES = YES;
				CLANG_ENABLE_OBJC_ARC = YES;
				CLANG_ENABLE_OBJC_WEAK = YES;
				CLANG_WARN_BLOCK_CAPTURE_AUTORELEASING = YES;
				CLANG_WARN_BOOL_CONVERSION = YES;
				CLANG_WARN_COMMA = YES;
				CLANG_WARN_CONSTANT_CONVERSION = YES;
				CLANG_WARN_DEPRECATED_OBJC_IMPLEMENTATIONS = YES;
				CLANG_WARN_DIRECT_OBJC_ISA_USAGE = YES_ERROR;
				CLANG_WARN_DOCUMENTATION_COMMENTS = YES;
				CLANG_WARN_EMPTY_BODY = YES;
				CLANG_WARN_ENUM_CONVERSION = YES;
				CLANG_WARN_INFINITE_RECURSION = YES;
				CLANG_WARN_INT_CONVERSION = YES;
				CLANG_WARN_NON_LITERAL_NULL_CONVERSION = YES;
				CLANG_WARN_OBJC_IMPLICIT_RETAIN_SELF = YES;
				CLANG_WARN_OBJC_LITERAL_CONVERSION = YES;
				CLANG_WARN_OBJC_ROOT_CLASS = YES_ERROR;
				CLANG_WARN_QUOTED_INCLUDE_IN_FRAMEWORK_HEADER = YES;
				CLANG_WARN_RANGE_LOOP_ANALYSIS = YES;
				CLANG_WARN_STRICT_PROTOTYPES = YES;
				CLANG_WARN_SUSPICIOUS_MOVE = YES;
				CLANG_WARN_UNGUARDED_AVAILABILITY = YES_AGGRESSIVE;
				CLANG_WARN_UNREACHABLE_CODE = YES;
				CLANG_WARN__DUPLICATE_METHOD_MATCH = YES;
				COPY_PHASE_STRIP = NO;
				DEBUG_INFORMATION_FORMAT = "dwarf-with-dsym";
				ENABLE_NS_ASSERTIONS = NO;
				ENABLE_STRICT_OBJC_MSGSEND = YES;
				GCC_C_LANGUAGE_STANDARD = gnu11;
				GCC_NO_COMMON_BLOCKS = YES;
				GCC_WARN_64_TO_32_BIT_CONVERSION = YES;
				GCC_WARN_ABOUT_RETURN_TYPE = YES_ERROR;
				GCC_WARN_UNDECLARED_SELECTOR = YES;
				GCC_WARN_UNINITIALIZED_AUTOS = YES_AGGRESSIVE;
				GCC_WARN_UNUSED_FUNCTION = YES;
				GCC_WARN_UNUSED_VARIABLE = YES;
				IPHONEOS_DEPLOYMENT_TARGET = 16.2;
				MTL_ENABLE_DEBUG_INFO = NO;
				MTL_FAST_MATH = YES;
				SDKROOT = iphoneos;
				SWIFT_COMPILATION_MODE = wholemodule;
				SWIFT_OPTIMIZATION_LEVEL = "-O";
				VALIDATE_PRODUCT = YES;
			};
			name = Release;
		};
		03D875E32CF9596E00609A9A /* Debug */ = {
			isa = XCBuildConfiguration;
			buildSettings = {
				ASSETCATALOG_COMPILER_APPICON_NAME = AppIcon;
				ASSETCATALOG_COMPILER_GLOBAL_ACCENT_COLOR_NAME = AccentColor;
				CODE_SIGN_STYLE = Automatic;
				CURRENT_PROJECT_VERSION = 1;
				DEVELOPMENT_TEAM = TVAVQ64N2M;
				GENERATE_INFOPLIST_FILE = YES;
				INFOPLIST_FILE = HarryPotterWIKI/Info.plist;
				INFOPLIST_KEY_UIApplicationSupportsIndirectInputEvents = YES;
				INFOPLIST_KEY_UILaunchStoryboardName = LaunchScreen;
				INFOPLIST_KEY_UIMainStoryboardFile = Main;
				INFOPLIST_KEY_UISupportedInterfaceOrientations_iPad = "UIInterfaceOrientationPortrait UIInterfaceOrientationPortraitUpsideDown UIInterfaceOrientationLandscapeLeft UIInterfaceOrientationLandscapeRight";
				INFOPLIST_KEY_UISupportedInterfaceOrientations_iPhone = "UIInterfaceOrientationPortrait UIInterfaceOrientationLandscapeLeft UIInterfaceOrientationLandscapeRight";
				LD_RUNPATH_SEARCH_PATHS = (
					"$(inherited)",
					"@executable_path/Frameworks",
				);
				MARKETING_VERSION = 1.0;
				PRODUCT_BUNDLE_IDENTIFIER = AyaSalman.HarryPotterWIKI;
				PRODUCT_NAME = "$(TARGET_NAME)";
				SWIFT_EMIT_LOC_STRINGS = YES;
				SWIFT_VERSION = 5.0;
				TARGETED_DEVICE_FAMILY = "1,2";
			};
			name = Debug;
		};
		03D875E42CF9596E00609A9A /* Release */ = {
			isa = XCBuildConfiguration;
			buildSettings = {
				ASSETCATALOG_COMPILER_APPICON_NAME = AppIcon;
				ASSETCATALOG_COMPILER_GLOBAL_ACCENT_COLOR_NAME = AccentColor;
				CODE_SIGN_STYLE = Automatic;
				CURRENT_PROJECT_VERSION = 1;
				DEVELOPMENT_TEAM = TVAVQ64N2M;
				GENERATE_INFOPLIST_FILE = YES;
				INFOPLIST_FILE = HarryPotterWIKI/Info.plist;
				INFOPLIST_KEY_UIApplicationSupportsIndirectInputEvents = YES;
				INFOPLIST_KEY_UILaunchStoryboardName = LaunchScreen;
				INFOPLIST_KEY_UIMainStoryboardFile = Main;
				INFOPLIST_KEY_UISupportedInterfaceOrientations_iPad = "UIInterfaceOrientationPortrait UIInterfaceOrientationPortraitUpsideDown UIInterfaceOrientationLandscapeLeft UIInterfaceOrientationLandscapeRight";
				INFOPLIST_KEY_UISupportedInterfaceOrientations_iPhone = "UIInterfaceOrientationPortrait UIInterfaceOrientationLandscapeLeft UIInterfaceOrientationLandscapeRight";
				LD_RUNPATH_SEARCH_PATHS = (
					"$(inherited)",
					"@executable_path/Frameworks",
				);
				MARKETING_VERSION = 1.0;
				PRODUCT_BUNDLE_IDENTIFIER = AyaSalman.HarryPotterWIKI;
				PRODUCT_NAME = "$(TARGET_NAME)";
				SWIFT_EMIT_LOC_STRINGS = YES;
				SWIFT_VERSION = 5.0;
				TARGETED_DEVICE_FAMILY = "1,2";
			};
			name = Release;
		};
/* End XCBuildConfiguration section */

/* Begin XCConfigurationList section */
		03D875C62CF9596C00609A9A /* Build configuration list for PBXProject "HarryPotterWIKI" */ = {
			isa = XCConfigurationList;
			buildConfigurations = (
				03D875E02CF9596E00609A9A /* Debug */,
				03D875E12CF9596E00609A9A /* Release */,
			);
			defaultConfigurationIsVisible = 0;
			defaultConfigurationName = Release;
		};
		03D875E22CF9596E00609A9A /* Build configuration list for PBXNativeTarget "HarryPotterWIKI" */ = {
			isa = XCConfigurationList;
			buildConfigurations = (
				03D875E32CF9596E00609A9A /* Debug */,
				03D875E42CF9596E00609A9A /* Release */,
			);
			defaultConfigurationIsVisible = 0;
			defaultConfigurationName = Release;
		};
/* End XCConfigurationList section */

/* Begin XCVersionGroup section */
		03D875D72CF9596C00609A9A /* HarryPotterWIKI.xcdatamodeld */ = {
			isa = XCVersionGroup;
			children = (
				03D875D82CF9596C00609A9A /* HarryPotterWIKI.xcdatamodel */,
			);
			currentVersion = 03D875D82CF9596C00609A9A /* HarryPotterWIKI.xcdatamodel */;
			path = HarryPotterWIKI.xcdatamodeld;
			sourceTree = "<group>";
			versionGroupType = wrapper.xcdatamodel;
		};
/* End XCVersionGroup section */
	};
	rootObject = 03D875C32CF9596C00609A9A /* Project object */;
}
